// !$*UTF8*$!
{
	archiveVersion = 1;
	classes = {
	};
	objectVersion = 56;
	objects = {

/* Begin PBXBuildFile section */
		8330D9132AE4F3A9000EF1C3 /* BusAnimationView.swift in Sources */ = {isa = PBXBuildFile; fileRef = 8330D9122AE4F3A9000EF1C3 /* BusAnimationView.swift */; };
		8330D9152AE5F2C0000EF1C3 /* NetworkManager.swift in Sources */ = {isa = PBXBuildFile; fileRef = 8330D9142AE5F2C0000EF1C3 /* NetworkManager.swift */; };
		8330D9172AE60933000EF1C3 /* HomeView.swift in Sources */ = {isa = PBXBuildFile; fileRef = 8330D9162AE60933000EF1C3 /* HomeView.swift */; };
		8330D9192AE60979000EF1C3 /* NoInternetView.swift in Sources */ = {isa = PBXBuildFile; fileRef = 8330D9182AE60979000EF1C3 /* NoInternetView.swift */; };
		837FEAB72AEBEFF00070A9FD /* HoustonMetro_Tests.swift in Sources */ = {isa = PBXBuildFile; fileRef = 837FEAB62AEBEFF00070A9FD /* HoustonMetro_Tests.swift */; };
		837FEABE2AEBF0C50070A9FD /* MetroInfoViewModel_Tests.swift in Sources */ = {isa = PBXBuildFile; fileRef = 837FEABD2AEBF0C50070A9FD /* MetroInfoViewModel_Tests.swift */; };
		838CE9EA2AD8E01C005C21B7 /* MetroManager.swift in Sources */ = {isa = PBXBuildFile; fileRef = 838CE9E92AD8E01C005C21B7 /* MetroManager.swift */; };
		838CE9EC2ADC917B005C21B7 /* MapView.swift in Sources */ = {isa = PBXBuildFile; fileRef = 838CE9EB2ADC917A005C21B7 /* MapView.swift */; };
		8396E5092AD2F93700293314 /* HoustonMetroApp.swift in Sources */ = {isa = PBXBuildFile; fileRef = 8396E5082AD2F93700293314 /* HoustonMetroApp.swift */; };
		8396E50B2AD2F93700293314 /* ContentView.swift in Sources */ = {isa = PBXBuildFile; fileRef = 8396E50A2AD2F93700293314 /* ContentView.swift */; };
		8396E50D2AD2F93900293314 /* Assets.xcassets in Resources */ = {isa = PBXBuildFile; fileRef = 8396E50C2AD2F93900293314 /* Assets.xcassets */; };
		8396E5102AD2F93A00293314 /* Preview Assets.xcassets in Resources */ = {isa = PBXBuildFile; fileRef = 8396E50F2AD2F93A00293314 /* Preview Assets.xcassets */; };
		8396E5172AD3450E00293314 /* RouteArrivalsModel.swift in Sources */ = {isa = PBXBuildFile; fileRef = 8396E5162AD3450E00293314 /* RouteArrivalsModel.swift */; };
		8396E51B2AD4CC7800293314 /* RoutesModel.swift in Sources */ = {isa = PBXBuildFile; fileRef = 8396E51A2AD4CC7800293314 /* RoutesModel.swift */; };
		8396E51E2AD4D74B00293314 /* Constants.swift in Sources */ = {isa = PBXBuildFile; fileRef = 8396E51D2AD4D74B00293314 /* Constants.swift */; };
		8396E5212AD61CF000293314 /* RouteStopsModel.swift in Sources */ = {isa = PBXBuildFile; fileRef = 8396E5202AD61CF000293314 /* RouteStopsModel.swift */; };
		8396E5242AD73B9C00293314 /* MetroInfoViewModel.swift in Sources */ = {isa = PBXBuildFile; fileRef = 8396E5232AD73B9C00293314 /* MetroInfoViewModel.swift */; };
		8396E5282AD7548800293314 /* RouteAndStopPickerView.swift in Sources */ = {isa = PBXBuildFile; fileRef = 8396E5272AD7548800293314 /* RouteAndStopPickerView.swift */; };
		83C1EBE42AE3B425006E528B /* MapLocationsModel.swift in Sources */ = {isa = PBXBuildFile; fileRef = 83C1EBE32AE3B425006E528B /* MapLocationsModel.swift */; };
/* End PBXBuildFile section */

/* Begin PBXContainerItemProxy section */
		837FEAB82AEBEFF00070A9FD /* PBXContainerItemProxy */ = {
			isa = PBXContainerItemProxy;
			containerPortal = 8396E4FD2AD2F93700293314 /* Project object */;
			proxyType = 1;
			remoteGlobalIDString = 8396E5042AD2F93700293314;
			remoteInfo = HoustonMetro;
		};
/* End PBXContainerItemProxy section */

/* Begin PBXFileReference section */
		8330D9122AE4F3A9000EF1C3 /* BusAnimationView.swift */ = {isa = PBXFileReference; lastKnownFileType = sourcecode.swift; path = BusAnimationView.swift; sourceTree = "<group>"; };
		8330D9142AE5F2C0000EF1C3 /* NetworkManager.swift */ = {isa = PBXFileReference; lastKnownFileType = sourcecode.swift; path = NetworkManager.swift; sourceTree = "<group>"; };
		8330D9162AE60933000EF1C3 /* HomeView.swift */ = {isa = PBXFileReference; lastKnownFileType = sourcecode.swift; path = HomeView.swift; sourceTree = "<group>"; };
		8330D9182AE60979000EF1C3 /* NoInternetView.swift */ = {isa = PBXFileReference; lastKnownFileType = sourcecode.swift; path = NoInternetView.swift; sourceTree = "<group>"; };
		8330D94F2AE6C7EA000EF1C3 /* HoustonMetro.entitlements */ = {isa = PBXFileReference; lastKnownFileType = text.plist.entitlements; path = HoustonMetro.entitlements; sourceTree = "<group>"; };
		837FEAB42AEBEFF00070A9FD /* HoustonMetro_Tests.xctest */ = {isa = PBXFileReference; explicitFileType = wrapper.cfbundle; includeInIndex = 0; path = HoustonMetro_Tests.xctest; sourceTree = BUILT_PRODUCTS_DIR; };
		837FEAB62AEBEFF00070A9FD /* HoustonMetro_Tests.swift */ = {isa = PBXFileReference; lastKnownFileType = sourcecode.swift; path = HoustonMetro_Tests.swift; sourceTree = "<group>"; };
		837FEABD2AEBF0C50070A9FD /* MetroInfoViewModel_Tests.swift */ = {isa = PBXFileReference; lastKnownFileType = sourcecode.swift; path = MetroInfoViewModel_Tests.swift; sourceTree = "<group>"; };
		838CE9E92AD8E01C005C21B7 /* MetroManager.swift */ = {isa = PBXFileReference; lastKnownFileType = sourcecode.swift; path = MetroManager.swift; sourceTree = "<group>"; };
		838CE9EB2ADC917A005C21B7 /* MapView.swift */ = {isa = PBXFileReference; lastKnownFileType = sourcecode.swift; path = MapView.swift; sourceTree = "<group>"; };
		8396E5052AD2F93700293314 /* HoustonMetro.app */ = {isa = PBXFileReference; explicitFileType = wrapper.application; includeInIndex = 0; path = HoustonMetro.app; sourceTree = BUILT_PRODUCTS_DIR; };
		8396E5082AD2F93700293314 /* HoustonMetroApp.swift */ = {isa = PBXFileReference; lastKnownFileType = sourcecode.swift; path = HoustonMetroApp.swift; sourceTree = "<group>"; };
		8396E50A2AD2F93700293314 /* ContentView.swift */ = {isa = PBXFileReference; lastKnownFileType = sourcecode.swift; path = ContentView.swift; sourceTree = "<group>"; };
		8396E50C2AD2F93900293314 /* Assets.xcassets */ = {isa = PBXFileReference; lastKnownFileType = folder.assetcatalog; path = Assets.xcassets; sourceTree = "<group>"; };
		8396E50F2AD2F93A00293314 /* Preview Assets.xcassets */ = {isa = PBXFileReference; lastKnownFileType = folder.assetcatalog; path = "Preview Assets.xcassets"; sourceTree = "<group>"; };
		8396E5162AD3450E00293314 /* RouteArrivalsModel.swift */ = {isa = PBXFileReference; lastKnownFileType = sourcecode.swift; path = RouteArrivalsModel.swift; sourceTree = "<group>"; };
		8396E51A2AD4CC7800293314 /* RoutesModel.swift */ = {isa = PBXFileReference; lastKnownFileType = sourcecode.swift; path = RoutesModel.swift; sourceTree = "<group>"; };
		8396E51D2AD4D74B00293314 /* Constants.swift */ = {isa = PBXFileReference; lastKnownFileType = sourcecode.swift; path = Constants.swift; sourceTree = "<group>"; };
		8396E51F2AD4D87000293314 /* Info.plist */ = {isa = PBXFileReference; lastKnownFileType = text.plist; path = Info.plist; sourceTree = "<group>"; };
		8396E5202AD61CF000293314 /* RouteStopsModel.swift */ = {isa = PBXFileReference; lastKnownFileType = sourcecode.swift; path = RouteStopsModel.swift; sourceTree = "<group>"; };
		8396E5232AD73B9C00293314 /* MetroInfoViewModel.swift */ = {isa = PBXFileReference; lastKnownFileType = sourcecode.swift; path = MetroInfoViewModel.swift; sourceTree = "<group>"; };
		8396E5272AD7548800293314 /* RouteAndStopPickerView.swift */ = {isa = PBXFileReference; lastKnownFileType = sourcecode.swift; path = RouteAndStopPickerView.swift; sourceTree = "<group>"; };
		83C1EBE32AE3B425006E528B /* MapLocationsModel.swift */ = {isa = PBXFileReference; lastKnownFileType = sourcecode.swift; path = MapLocationsModel.swift; sourceTree = "<group>"; };
/* End PBXFileReference section */

/* Begin PBXFrameworksBuildPhase section */
		837FEAB12AEBEFF00070A9FD /* Frameworks */ = {
			isa = PBXFrameworksBuildPhase;
			buildActionMask = 2147483647;
			files = (
			);
			runOnlyForDeploymentPostprocessing = 0;
		};
		8396E5022AD2F93700293314 /* Frameworks */ = {
			isa = PBXFrameworksBuildPhase;
			buildActionMask = 2147483647;
			files = (
			);
			runOnlyForDeploymentPostprocessing = 0;
		};
/* End PBXFrameworksBuildPhase section */

/* Begin PBXGroup section */
		835975FD2AEEEA5B009318EE /* Managers */ = {
			isa = PBXGroup;
			children = (
				8330D9142AE5F2C0000EF1C3 /* NetworkManager.swift */,
				838CE9E92AD8E01C005C21B7 /* MetroManager.swift */,
			);
			path = Managers;
			sourceTree = "<group>";
		};
		837FEAB52AEBEFF00070A9FD /* HoustonMetro_Tests */ = {
			isa = PBXGroup;
			children = (
				837FEAB62AEBEFF00070A9FD /* HoustonMetro_Tests.swift */,
				837FEABD2AEBF0C50070A9FD /* MetroInfoViewModel_Tests.swift */,
			);
			path = HoustonMetro_Tests;
			sourceTree = "<group>";
		};
		8396E4FC2AD2F93700293314 = {
			isa = PBXGroup;
			children = (
				8396E5072AD2F93700293314 /* HoustonMetro */,
				837FEAB52AEBEFF00070A9FD /* HoustonMetro_Tests */,
				8396E5062AD2F93700293314 /* Products */,
			);
			sourceTree = "<group>";
		};
		8396E5062AD2F93700293314 /* Products */ = {
			isa = PBXGroup;
			children = (
				8396E5052AD2F93700293314 /* HoustonMetro.app */,
				837FEAB42AEBEFF00070A9FD /* HoustonMetro_Tests.xctest */,
			);
			name = Products;
			sourceTree = "<group>";
		};
		8396E5072AD2F93700293314 /* HoustonMetro */ = {
			isa = PBXGroup;
			children = (
				8330D94F2AE6C7EA000EF1C3 /* HoustonMetro.entitlements */,
				8396E51F2AD4D87000293314 /* Info.plist */,
				8396E5082AD2F93700293314 /* HoustonMetroApp.swift */,
				835975FD2AEEEA5B009318EE /* Managers */,
				8396E51C2AD4D05C00293314 /* Models */,
				8396E5252AD73C1F00293314 /* Views */,
				8396E5222AD73B7300293314 /* ViewModels */,
				8396E5262AD73C3E00293314 /* Utilities */,
				8396E50C2AD2F93900293314 /* Assets.xcassets */,
				8396E50E2AD2F93A00293314 /* Preview Content */,
			);
			path = HoustonMetro;
			sourceTree = "<group>";
		};
		8396E50E2AD2F93A00293314 /* Preview Content */ = {
			isa = PBXGroup;
			children = (
				8396E50F2AD2F93A00293314 /* Preview Assets.xcassets */,
			);
			path = "Preview Content";
			sourceTree = "<group>";
		};
		8396E51C2AD4D05C00293314 /* Models */ = {
			isa = PBXGroup;
			children = (
				8396E51A2AD4CC7800293314 /* RoutesModel.swift */,
				8396E5202AD61CF000293314 /* RouteStopsModel.swift */,
				8396E5162AD3450E00293314 /* RouteArrivalsModel.swift */,
				83C1EBE32AE3B425006E528B /* MapLocationsModel.swift */,
			);
			path = Models;
			sourceTree = "<group>";
		};
		8396E5222AD73B7300293314 /* ViewModels */ = {
			isa = PBXGroup;
			children = (
				8396E5232AD73B9C00293314 /* MetroInfoViewModel.swift */,
			);
			path = ViewModels;
			sourceTree = "<group>";
		};
		8396E5252AD73C1F00293314 /* Views */ = {
			isa = PBXGroup;
			children = (
				8396E50A2AD2F93700293314 /* ContentView.swift */,
				8330D9162AE60933000EF1C3 /* HomeView.swift */,
				8330D9182AE60979000EF1C3 /* NoInternetView.swift */,
				8396E5272AD7548800293314 /* RouteAndStopPickerView.swift */,
				838CE9EB2ADC917A005C21B7 /* MapView.swift */,
				8330D9122AE4F3A9000EF1C3 /* BusAnimationView.swift */,
			);
			path = Views;
			sourceTree = "<group>";
		};
		8396E5262AD73C3E00293314 /* Utilities */ = {
			isa = PBXGroup;
			children = (
				8396E51D2AD4D74B00293314 /* Constants.swift */,
			);
			path = Utilities;
			sourceTree = "<group>";
		};
/* End PBXGroup section */

/* Begin PBXNativeTarget section */
		837FEAB32AEBEFF00070A9FD /* HoustonMetro_Tests */ = {
			isa = PBXNativeTarget;
			buildConfigurationList = 837FEABC2AEBEFF00070A9FD /* Build configuration list for PBXNativeTarget "HoustonMetro_Tests" */;
			buildPhases = (
				837FEAB02AEBEFF00070A9FD /* Sources */,
				837FEAB12AEBEFF00070A9FD /* Frameworks */,
				837FEAB22AEBEFF00070A9FD /* Resources */,
			);
			buildRules = (
			);
			dependencies = (
				837FEAB92AEBEFF00070A9FD /* PBXTargetDependency */,
			);
			name = HoustonMetro_Tests;
			productName = HoustonMetro_Tests;
			productReference = 837FEAB42AEBEFF00070A9FD /* HoustonMetro_Tests.xctest */;
			productType = "com.apple.product-type.bundle.unit-test";
		};
		8396E5042AD2F93700293314 /* HoustonMetro */ = {
			isa = PBXNativeTarget;
			buildConfigurationList = 8396E5132AD2F93A00293314 /* Build configuration list for PBXNativeTarget "HoustonMetro" */;
			buildPhases = (
				8396E5012AD2F93700293314 /* Sources */,
				8396E5022AD2F93700293314 /* Frameworks */,
				8396E5032AD2F93700293314 /* Resources */,
			);
			buildRules = (
			);
			dependencies = (
			);
			name = HoustonMetro;
			productName = HoustonMetro;
			productReference = 8396E5052AD2F93700293314 /* HoustonMetro.app */;
			productType = "com.apple.product-type.application";
		};
/* End PBXNativeTarget section */

/* Begin PBXProject section */
		8396E4FD2AD2F93700293314 /* Project object */ = {
			isa = PBXProject;
			attributes = {
				BuildIndependentTargetsInParallel = 1;
				LastSwiftUpdateCheck = 1500;
				LastUpgradeCheck = 1500;
				TargetAttributes = {
					837FEAB32AEBEFF00070A9FD = {
						CreatedOnToolsVersion = 15.0.1;
						TestTargetID = 8396E5042AD2F93700293314;
					};
					8396E5042AD2F93700293314 = {
						CreatedOnToolsVersion = 15.0;
					};
				};
			};
			buildConfigurationList = 8396E5002AD2F93700293314 /* Build configuration list for PBXProject "HoustonMetro" */;
			compatibilityVersion = "Xcode 14.0";
			developmentRegion = en;
			hasScannedForEncodings = 0;
			knownRegions = (
				en,
				Base,
			);
			mainGroup = 8396E4FC2AD2F93700293314;
			productRefGroup = 8396E5062AD2F93700293314 /* Products */;
			projectDirPath = "";
			projectRoot = "";
			targets = (
				8396E5042AD2F93700293314 /* HoustonMetro */,
				837FEAB32AEBEFF00070A9FD /* HoustonMetro_Tests */,
			);
		};
/* End PBXProject section */

/* Begin PBXResourcesBuildPhase section */
		837FEAB22AEBEFF00070A9FD /* Resources */ = {
			isa = PBXResourcesBuildPhase;
			buildActionMask = 2147483647;
			files = (
			);
			runOnlyForDeploymentPostprocessing = 0;
		};
		8396E5032AD2F93700293314 /* Resources */ = {
			isa = PBXResourcesBuildPhase;
			buildActionMask = 2147483647;
			files = (
				8396E5102AD2F93A00293314 /* Preview Assets.xcassets in Resources */,
				8396E50D2AD2F93900293314 /* Assets.xcassets in Resources */,
			);
			runOnlyForDeploymentPostprocessing = 0;
		};
/* End PBXResourcesBuildPhase section */

/* Begin PBXSourcesBuildPhase section */
		837FEAB02AEBEFF00070A9FD /* Sources */ = {
			isa = PBXSourcesBuildPhase;
			buildActionMask = 2147483647;
			files = (
				837FEABE2AEBF0C50070A9FD /* MetroInfoViewModel_Tests.swift in Sources */,
				837FEAB72AEBEFF00070A9FD /* HoustonMetro_Tests.swift in Sources */,
			);
			runOnlyForDeploymentPostprocessing = 0;
		};
		8396E5012AD2F93700293314 /* Sources */ = {
			isa = PBXSourcesBuildPhase;
			buildActionMask = 2147483647;
			files = (
				8396E5282AD7548800293314 /* RouteAndStopPickerView.swift in Sources */,
				8330D9192AE60979000EF1C3 /* NoInternetView.swift in Sources */,
				838CE9EA2AD8E01C005C21B7 /* MetroManager.swift in Sources */,
				838CE9EC2ADC917B005C21B7 /* MapView.swift in Sources */,
				8396E5172AD3450E00293314 /* RouteArrivalsModel.swift in Sources */,
				8396E50B2AD2F93700293314 /* ContentView.swift in Sources */,
				83C1EBE42AE3B425006E528B /* MapLocationsModel.swift in Sources */,
				8396E5242AD73B9C00293314 /* MetroInfoViewModel.swift in Sources */,
				8396E5212AD61CF000293314 /* RouteStopsModel.swift in Sources */,
				8396E5092AD2F93700293314 /* HoustonMetroApp.swift in Sources */,
				8396E51B2AD4CC7800293314 /* RoutesModel.swift in Sources */,
				8330D9152AE5F2C0000EF1C3 /* NetworkManager.swift in Sources */,
				8330D9172AE60933000EF1C3 /* HomeView.swift in Sources */,
				8330D9132AE4F3A9000EF1C3 /* BusAnimationView.swift in Sources */,
				8396E51E2AD4D74B00293314 /* Constants.swift in Sources */,
			);
			runOnlyForDeploymentPostprocessing = 0;
		};
/* End PBXSourcesBuildPhase section */

/* Begin PBXTargetDependency section */
		837FEAB92AEBEFF00070A9FD /* PBXTargetDependency */ = {
			isa = PBXTargetDependency;
			target = 8396E5042AD2F93700293314 /* HoustonMetro */;
			targetProxy = 837FEAB82AEBEFF00070A9FD /* PBXContainerItemProxy */;
		};
/* End PBXTargetDependency section */

/* Begin XCBuildConfiguration section */
		837FEABA2AEBEFF00070A9FD /* Debug */ = {
			isa = XCBuildConfiguration;
			buildSettings = {
				BUNDLE_LOADER = "$(TEST_HOST)";
				CODE_SIGN_STYLE = Automatic;
				CURRENT_PROJECT_VERSION = 1;
				DEVELOPMENT_TEAM = QNXV57SQKM;
				GENERATE_INFOPLIST_FILE = YES;
				MARKETING_VERSION = 1.0;
				PRODUCT_BUNDLE_IDENTIFIER = "com.sannideveloper.HoustonMetro-Tests";
				PRODUCT_NAME = "$(TARGET_NAME)";
				SWIFT_EMIT_LOC_STRINGS = NO;
				SWIFT_VERSION = 5.0;
				TARGETED_DEVICE_FAMILY = "1,2";
				TEST_HOST = "$(BUILT_PRODUCTS_DIR)/HoustonMetro.app/$(BUNDLE_EXECUTABLE_FOLDER_PATH)/HoustonMetro";
			};
			name = Debug;
		};
		837FEABB2AEBEFF00070A9FD /* Release */ = {
			isa = XCBuildConfiguration;
			buildSettings = {
				BUNDLE_LOADER = "$(TEST_HOST)";
				CODE_SIGN_STYLE = Automatic;
				CURRENT_PROJECT_VERSION = 1;
				DEVELOPMENT_TEAM = QNXV57SQKM;
				GENERATE_INFOPLIST_FILE = YES;
				MARKETING_VERSION = 1.0;
				PRODUCT_BUNDLE_IDENTIFIER = "com.sannideveloper.HoustonMetro-Tests";
				PRODUCT_NAME = "$(TARGET_NAME)";
				SWIFT_EMIT_LOC_STRINGS = NO;
				SWIFT_VERSION = 5.0;
				TARGETED_DEVICE_FAMILY = "1,2";
				TEST_HOST = "$(BUILT_PRODUCTS_DIR)/HoustonMetro.app/$(BUNDLE_EXECUTABLE_FOLDER_PATH)/HoustonMetro";
			};
			name = Release;
		};
		8396E5112AD2F93A00293314 /* Debug */ = {
			isa = XCBuildConfiguration;
			buildSettings = {
				ALWAYS_SEARCH_USER_PATHS = NO;
				ASSETCATALOG_COMPILER_GENERATE_SWIFT_ASSET_SYMBOL_EXTENSIONS = YES;
				CLANG_ANALYZER_NONNULL = YES;
				CLANG_ANALYZER_NUMBER_OBJECT_CONVERSION = YES_AGGRESSIVE;
				CLANG_CXX_LANGUAGE_STANDARD = "gnu++20";
				CLANG_ENABLE_MODULES = YES;
				CLANG_ENABLE_OBJC_ARC = YES;
				CLANG_ENABLE_OBJC_WEAK = YES;
				CLANG_WARN_BLOCK_CAPTURE_AUTORELEASING = YES;
				CLANG_WARN_BOOL_CONVERSION = YES;
				CLANG_WARN_COMMA = YES;
				CLANG_WARN_CONSTANT_CONVERSION = YES;
				CLANG_WARN_DEPRECATED_OBJC_IMPLEMENTATIONS = YES;
				CLANG_WARN_DIRECT_OBJC_ISA_USAGE = YES_ERROR;
				CLANG_WARN_DOCUMENTATION_COMMENTS = YES;
				CLANG_WARN_EMPTY_BODY = YES;
				CLANG_WARN_ENUM_CONVERSION = YES;
				CLANG_WARN_INFINITE_RECURSION = YES;
				CLANG_WARN_INT_CONVERSION = YES;
				CLANG_WARN_NON_LITERAL_NULL_CONVERSION = YES;
				CLANG_WARN_OBJC_IMPLICIT_RETAIN_SELF = YES;
				CLANG_WARN_OBJC_LITERAL_CONVERSION = YES;
				CLANG_WARN_OBJC_ROOT_CLASS = YES_ERROR;
				CLANG_WARN_QUOTED_INCLUDE_IN_FRAMEWORK_HEADER = YES;
				CLANG_WARN_RANGE_LOOP_ANALYSIS = YES;
				CLANG_WARN_STRICT_PROTOTYPES = YES;
				CLANG_WARN_SUSPICIOUS_MOVE = YES;
				CLANG_WARN_UNGUARDED_AVAILABILITY = YES_AGGRESSIVE;
				CLANG_WARN_UNREACHABLE_CODE = YES;
				CLANG_WARN__DUPLICATE_METHOD_MATCH = YES;
				COPY_PHASE_STRIP = NO;
				DEBUG_INFORMATION_FORMAT = dwarf;
				ENABLE_STRICT_OBJC_MSGSEND = YES;
				ENABLE_TESTABILITY = YES;
				ENABLE_USER_SCRIPT_SANDBOXING = YES;
				GCC_C_LANGUAGE_STANDARD = gnu17;
				GCC_DYNAMIC_NO_PIC = NO;
				GCC_NO_COMMON_BLOCKS = YES;
				GCC_OPTIMIZATION_LEVEL = 0;
				GCC_PREPROCESSOR_DEFINITIONS = (
					"DEBUG=1",
					"$(inherited)",
				);
				GCC_WARN_64_TO_32_BIT_CONVERSION = YES;
				GCC_WARN_ABOUT_RETURN_TYPE = YES_ERROR;
				GCC_WARN_UNDECLARED_SELECTOR = YES;
				GCC_WARN_UNINITIALIZED_AUTOS = YES_AGGRESSIVE;
				GCC_WARN_UNUSED_FUNCTION = YES;
				GCC_WARN_UNUSED_VARIABLE = YES;
				IPHONEOS_DEPLOYMENT_TARGET = 17.0;
				LOCALIZATION_PREFERS_STRING_CATALOGS = YES;
				MTL_ENABLE_DEBUG_INFO = INCLUDE_SOURCE;
				MTL_FAST_MATH = YES;
				ONLY_ACTIVE_ARCH = YES;
				SDKROOT = iphoneos;
				SWIFT_ACTIVE_COMPILATION_CONDITIONS = "DEBUG $(inherited)";
				SWIFT_OPTIMIZATION_LEVEL = "-Onone";
			};
			name = Debug;
		};
		8396E5122AD2F93A00293314 /* Release */ = {
			isa = XCBuildConfiguration;
			buildSettings = {
				ALWAYS_SEARCH_USER_PATHS = NO;
				ASSETCATALOG_COMPILER_GENERATE_SWIFT_ASSET_SYMBOL_EXTENSIONS = YES;
				CLANG_ANALYZER_NONNULL = YES;
				CLANG_ANALYZER_NUMBER_OBJECT_CONVERSION = YES_AGGRESSIVE;
				CLANG_CXX_LANGUAGE_STANDARD = "gnu++20";
				CLANG_ENABLE_MODULES = YES;
				CLANG_ENABLE_OBJC_ARC = YES;
				CLANG_ENABLE_OBJC_WEAK = YES;
				CLANG_WARN_BLOCK_CAPTURE_AUTORELEASING = YES;
				CLANG_WARN_BOOL_CONVERSION = YES;
				CLANG_WARN_COMMA = YES;
				CLANG_WARN_CONSTANT_CONVERSION = YES;
				CLANG_WARN_DEPRECATED_OBJC_IMPLEMENTATIONS = YES;
				CLANG_WARN_DIRECT_OBJC_ISA_USAGE = YES_ERROR;
				CLANG_WARN_DOCUMENTATION_COMMENTS = YES;
				CLANG_WARN_EMPTY_BODY = YES;
				CLANG_WARN_ENUM_CONVERSION = YES;
				CLANG_WARN_INFINITE_RECURSION = YES;
				CLANG_WARN_INT_CONVERSION = YES;
				CLANG_WARN_NON_LITERAL_NULL_CONVERSION = YES;
				CLANG_WARN_OBJC_IMPLICIT_RETAIN_SELF = YES;
				CLANG_WARN_OBJC_LITERAL_CONVERSION = YES;
				CLANG_WARN_OBJC_ROOT_CLASS = YES_ERROR;
				CLANG_WARN_QUOTED_INCLUDE_IN_FRAMEWORK_HEADER = YES;
				CLANG_WARN_RANGE_LOOP_ANALYSIS = YES;
				CLANG_WARN_STRICT_PROTOTYPES = YES;
				CLANG_WARN_SUSPICIOUS_MOVE = YES;
				CLANG_WARN_UNGUARDED_AVAILABILITY = YES_AGGRESSIVE;
				CLANG_WARN_UNREACHABLE_CODE = YES;
				CLANG_WARN__DUPLICATE_METHOD_MATCH = YES;
				COPY_PHASE_STRIP = NO;
				DEBUG_INFORMATION_FORMAT = "dwarf-with-dsym";
				ENABLE_NS_ASSERTIONS = NO;
				ENABLE_STRICT_OBJC_MSGSEND = YES;
				ENABLE_USER_SCRIPT_SANDBOXING = YES;
				GCC_C_LANGUAGE_STANDARD = gnu17;
				GCC_NO_COMMON_BLOCKS = YES;
				GCC_WARN_64_TO_32_BIT_CONVERSION = YES;
				GCC_WARN_ABOUT_RETURN_TYPE = YES_ERROR;
				GCC_WARN_UNDECLARED_SELECTOR = YES;
				GCC_WARN_UNINITIALIZED_AUTOS = YES_AGGRESSIVE;
				GCC_WARN_UNUSED_FUNCTION = YES;
				GCC_WARN_UNUSED_VARIABLE = YES;
				IPHONEOS_DEPLOYMENT_TARGET = 17.0;
				LOCALIZATION_PREFERS_STRING_CATALOGS = YES;
				MTL_ENABLE_DEBUG_INFO = NO;
				MTL_FAST_MATH = YES;
				SDKROOT = iphoneos;
				SWIFT_COMPILATION_MODE = wholemodule;
				VALIDATE_PRODUCT = YES;
			};
			name = Release;
		};
		8396E5142AD2F93A00293314 /* Debug */ = {
			isa = XCBuildConfiguration;
			buildSettings = {
				ASSETCATALOG_COMPILER_APPICON_NAME = AppIcon;
				ASSETCATALOG_COMPILER_GLOBAL_ACCENT_COLOR_NAME = AccentColor;
				CODE_SIGN_ENTITLEMENTS = HoustonMetro/HoustonMetro.entitlements;
				CODE_SIGN_STYLE = Automatic;
				CURRENT_PROJECT_VERSION = 1;
				DEVELOPMENT_ASSET_PATHS = "\"HoustonMetro/Preview Content\"";
				DEVELOPMENT_TEAM = QNXV57SQKM;
				ENABLE_PREVIEWS = YES;
				GENERATE_INFOPLIST_FILE = YES;
				INFOPLIST_FILE = HoustonMetro/Info.plist;
				INFOPLIST_KEY_CFBundleDisplayName = "Houston Metro";
				INFOPLIST_KEY_LSApplicationCategoryType = "public.app-category.navigation";
				INFOPLIST_KEY_UIApplicationSceneManifest_Generation = YES;
				INFOPLIST_KEY_UIApplicationSupportsIndirectInputEvents = YES;
				INFOPLIST_KEY_UILaunchScreen_Generation = YES;
				INFOPLIST_KEY_UISupportedInterfaceOrientations = "UIInterfaceOrientationPortrait UIInterfaceOrientationPortraitUpsideDown";
				INFOPLIST_KEY_UISupportedInterfaceOrientations_iPad = "UIInterfaceOrientationLandscapeLeft UIInterfaceOrientationLandscapeRight UIInterfaceOrientationPortrait UIInterfaceOrientationPortraitUpsideDown";
				IPHONEOS_DEPLOYMENT_TARGET = 15.0;
				LD_RUNPATH_SEARCH_PATHS = (
					"$(inherited)",
					"@executable_path/Frameworks",
				);
				MARKETING_VERSION = 1.2;
				PRODUCT_BUNDLE_IDENTIFIER = com.sannideveloper.HoustonMetro;
				PRODUCT_NAME = "$(TARGET_NAME)";
				SUPPORTED_PLATFORMS = "iphoneos iphonesimulator";
				SUPPORTS_MACCATALYST = YES;
				SWIFT_EMIT_LOC_STRINGS = YES;
				SWIFT_VERSION = 5.0;
				TARGETED_DEVICE_FAMILY = "1,2";
			};
			name = Debug;
		};
		8396E5152AD2F93A00293314 /* Release */ = {
			isa = XCBuildConfiguration;
			buildSettings = {
				ASSETCATALOG_COMPILER_APPICON_NAME = AppIcon;
				ASSETCATALOG_COMPILER_GLOBAL_ACCENT_COLOR_NAME = AccentColor;
				CODE_SIGN_ENTITLEMENTS = HoustonMetro/HoustonMetro.entitlements;
				CODE_SIGN_STYLE = Automatic;
				CURRENT_PROJECT_VERSION = 1;
				DEVELOPMENT_ASSET_PATHS = "\"HoustonMetro/Preview Content\"";
				DEVELOPMENT_TEAM = QNXV57SQKM;
				ENABLE_PREVIEWS = YES;
				GENERATE_INFOPLIST_FILE = YES;
				INFOPLIST_FILE = HoustonMetro/Info.plist;
				INFOPLIST_KEY_CFBundleDisplayName = "Houston Metro";
				INFOPLIST_KEY_LSApplicationCategoryType = "public.app-category.navigation";
				INFOPLIST_KEY_UIApplicationSceneManifest_Generation = YES;
				INFOPLIST_KEY_UIApplicationSupportsIndirectInputEvents = YES;
				INFOPLIST_KEY_UILaunchScreen_Generation = YES;
				INFOPLIST_KEY_UISupportedInterfaceOrientations = "UIInterfaceOrientationPortrait UIInterfaceOrientationPortraitUpsideDown";
				INFOPLIST_KEY_UISupportedInterfaceOrientations_iPad = "UIInterfaceOrientationLandscapeLeft UIInterfaceOrientationLandscapeRight UIInterfaceOrientationPortrait UIInterfaceOrientationPortraitUpsideDown";
				IPHONEOS_DEPLOYMENT_TARGET = 15.0;
				LD_RUNPATH_SEARCH_PATHS = (
					"$(inherited)",
					"@executable_path/Frameworks",
				);
				MARKETING_VERSION = 1.2;
				PRODUCT_BUNDLE_IDENTIFIER = com.sannideveloper.HoustonMetro;
				PRODUCT_NAME = "$(TARGET_NAME)";
				SUPPORTED_PLATFORMS = "iphoneos iphonesimulator";
				SUPPORTS_MACCATALYST = YES;
				SWIFT_EMIT_LOC_STRINGS = YES;
				SWIFT_VERSION = 5.0;
				TARGETED_DEVICE_FAMILY = "1,2";
			};
			name = Release;
		};
/* End XCBuildConfiguration section */

/* Begin XCConfigurationList section */
		837FEABC2AEBEFF00070A9FD /* Build configuration list for PBXNativeTarget "HoustonMetro_Tests" */ = {
			isa = XCConfigurationList;
			buildConfigurations = (
				837FEABA2AEBEFF00070A9FD /* Debug */,
				837FEABB2AEBEFF00070A9FD /* Release */,
			);
			defaultConfigurationIsVisible = 0;
			defaultConfigurationName = Release;
		};
		8396E5002AD2F93700293314 /* Build configuration list for PBXProject "HoustonMetro" */ = {
			isa = XCConfigurationList;
			buildConfigurations = (
				8396E5112AD2F93A00293314 /* Debug */,
				8396E5122AD2F93A00293314 /* Release */,
			);
			defaultConfigurationIsVisible = 0;
			defaultConfigurationName = Release;
		};
		8396E5132AD2F93A00293314 /* Build configuration list for PBXNativeTarget "HoustonMetro" */ = {
			isa = XCConfigurationList;
			buildConfigurations = (
				8396E5142AD2F93A00293314 /* Debug */,
				8396E5152AD2F93A00293314 /* Release */,
			);
			defaultConfigurationIsVisible = 0;
			defaultConfigurationName = Release;
		};
/* End XCConfigurationList section */
	};
	rootObject = 8396E4FD2AD2F93700293314 /* Project object */;
}
